// !$*UTF8*$!
{
	archiveVersion = 1;
	classes = {
	};
	objectVersion = 56;
	objects = {

/* Begin PBXBuildFile section */
		AF159CCE2A1E55FF005654BA /* XCTestCase+MemoryLeakTracking.swift in Sources */ = {isa = PBXBuildFile; fileRef = AF159CCD2A1E55FF005654BA /* XCTestCase+MemoryLeakTracking.swift */; };
		AF59FD342A1BA10300FC1329 /* HTTPClient.swift in Sources */ = {isa = PBXBuildFile; fileRef = AF59FD332A1BA10300FC1329 /* HTTPClient.swift */; };
		AF59FD362A1BA14900FC1329 /* FeedItemsMapper.swift in Sources */ = {isa = PBXBuildFile; fileRef = AF59FD352A1BA14900FC1329 /* FeedItemsMapper.swift */; };
		AF793DF52A1CE9BC00314178 /* URLSession_HTTPClientTests.swift in Sources */ = {isa = PBXBuildFile; fileRef = AF793DF42A1CE9BC00314178 /* URLSession_HTTPClientTests.swift */; };
		AF7A78CE2A239BA400B21851 /* LocalFeedLoader.swift in Sources */ = {isa = PBXBuildFile; fileRef = AF7A78CD2A239BA400B21851 /* LocalFeedLoader.swift */; };
		AF7A78D02A239C4600B21851 /* FeedStore.swift in Sources */ = {isa = PBXBuildFile; fileRef = AF7A78CF2A239C4600B21851 /* FeedStore.swift */; };
		AF7F1BFC2A1E69E700FC4B6E /* URLSessionHTTPClient.swift in Sources */ = {isa = PBXBuildFile; fileRef = AF7F1BFB2A1E69E700FC4B6E /* URLSessionHTTPClient.swift */; };
		AF92CCB32A190AC60077F6A8 /* EssentialFeed.framework in Frameworks */ = {isa = PBXBuildFile; fileRef = AF92CCAA2A190AC50077F6A8 /* EssentialFeed.framework */; };
		AF92CCB92A190AC60077F6A8 /* EssentialFeed.h in Headers */ = {isa = PBXBuildFile; fileRef = AF92CCAD2A190AC50077F6A8 /* EssentialFeed.h */; settings = {ATTRIBUTES = (Public, ); }; };
		AF92CCC32A190AEF0077F6A8 /* FeedItem.swift in Sources */ = {isa = PBXBuildFile; fileRef = AF92CCC22A190AEF0077F6A8 /* FeedItem.swift */; };
		AF92CCC52A190BBC0077F6A8 /* FeedLoader.swift in Sources */ = {isa = PBXBuildFile; fileRef = AF92CCC42A190BBC0077F6A8 /* FeedLoader.swift */; };
		AF92CCC82A190D7A0077F6A8 /* LoadFeedFromRemoteUseCaseTests.swift in Sources */ = {isa = PBXBuildFile; fileRef = AF92CCC72A190D7A0077F6A8 /* LoadFeedFromRemoteUseCaseTests.swift */; };
		AF92CCCB2A1916860077F6A8 /* RemoteFeedLoader.swift in Sources */ = {isa = PBXBuildFile; fileRef = AF92CCCA2A1916860077F6A8 /* RemoteFeedLoader.swift */; };
		AFDA1CB32A222BD800B6732B /* CacheFeedUseCaseTests.swift in Sources */ = {isa = PBXBuildFile; fileRef = AFDA1CB22A222BD800B6732B /* CacheFeedUseCaseTests.swift */; };
		AFEFEC652A1F984100C6EDF0 /* EssentialFeedAPIEndToEndTests.swift in Sources */ = {isa = PBXBuildFile; fileRef = AFEFEC642A1F984100C6EDF0 /* EssentialFeedAPIEndToEndTests.swift */; };
		AFEFEC662A1F984100C6EDF0 /* EssentialFeed.framework in Frameworks */ = {isa = PBXBuildFile; fileRef = AF92CCAA2A190AC50077F6A8 /* EssentialFeed.framework */; };
		AFEFEC6C2A1FA1D900C6EDF0 /* XCTestCase+MemoryLeakTracking.swift in Sources */ = {isa = PBXBuildFile; fileRef = AF159CCD2A1E55FF005654BA /* XCTestCase+MemoryLeakTracking.swift */; };
/* End PBXBuildFile section */

/* Begin PBXContainerItemProxy section */
		AF92CCB42A190AC60077F6A8 /* PBXContainerItemProxy */ = {
			isa = PBXContainerItemProxy;
			containerPortal = AF92CCA12A190AC50077F6A8 /* Project object */;
			proxyType = 1;
			remoteGlobalIDString = AF92CCA92A190AC50077F6A8;
			remoteInfo = EssentialFeed;
		};
		AFEFEC672A1F984100C6EDF0 /* PBXContainerItemProxy */ = {
			isa = PBXContainerItemProxy;
			containerPortal = AF92CCA12A190AC50077F6A8 /* Project object */;
			proxyType = 1;
			remoteGlobalIDString = AF92CCA92A190AC50077F6A8;
			remoteInfo = EssentialFeed;
		};
/* End PBXContainerItemProxy section */

/* Begin PBXFileReference section */
		AF159CCD2A1E55FF005654BA /* XCTestCase+MemoryLeakTracking.swift */ = {isa = PBXFileReference; lastKnownFileType = sourcecode.swift; path = "XCTestCase+MemoryLeakTracking.swift"; sourceTree = "<group>"; };
		AF59FD332A1BA10300FC1329 /* HTTPClient.swift */ = {isa = PBXFileReference; lastKnownFileType = sourcecode.swift; path = HTTPClient.swift; sourceTree = "<group>"; };
		AF59FD352A1BA14900FC1329 /* FeedItemsMapper.swift */ = {isa = PBXFileReference; lastKnownFileType = sourcecode.swift; path = FeedItemsMapper.swift; sourceTree = "<group>"; };
		AF793DF42A1CE9BC00314178 /* URLSession_HTTPClientTests.swift */ = {isa = PBXFileReference; lastKnownFileType = sourcecode.swift; path = URLSession_HTTPClientTests.swift; sourceTree = "<group>"; };
		AF7A78CD2A239BA400B21851 /* LocalFeedLoader.swift */ = {isa = PBXFileReference; lastKnownFileType = sourcecode.swift; path = LocalFeedLoader.swift; sourceTree = "<group>"; };
		AF7A78CF2A239C4600B21851 /* FeedStore.swift */ = {isa = PBXFileReference; lastKnownFileType = sourcecode.swift; path = FeedStore.swift; sourceTree = "<group>"; };
		AF7F1BFB2A1E69E700FC4B6E /* URLSessionHTTPClient.swift */ = {isa = PBXFileReference; lastKnownFileType = sourcecode.swift; path = URLSessionHTTPClient.swift; sourceTree = "<group>"; };
		AF92CCAA2A190AC50077F6A8 /* EssentialFeed.framework */ = {isa = PBXFileReference; explicitFileType = wrapper.framework; includeInIndex = 0; path = EssentialFeed.framework; sourceTree = BUILT_PRODUCTS_DIR; };
		AF92CCAD2A190AC50077F6A8 /* EssentialFeed.h */ = {isa = PBXFileReference; lastKnownFileType = sourcecode.c.h; path = EssentialFeed.h; sourceTree = "<group>"; };
		AF92CCB22A190AC60077F6A8 /* EssentialFeedTests.xctest */ = {isa = PBXFileReference; explicitFileType = wrapper.cfbundle; includeInIndex = 0; path = EssentialFeedTests.xctest; sourceTree = BUILT_PRODUCTS_DIR; };
		AF92CCC22A190AEF0077F6A8 /* FeedItem.swift */ = {isa = PBXFileReference; lastKnownFileType = sourcecode.swift; path = FeedItem.swift; sourceTree = "<group>"; };
		AF92CCC42A190BBC0077F6A8 /* FeedLoader.swift */ = {isa = PBXFileReference; lastKnownFileType = sourcecode.swift; path = FeedLoader.swift; sourceTree = "<group>"; };
		AF92CCC72A190D7A0077F6A8 /* LoadFeedFromRemoteUseCaseTests.swift */ = {isa = PBXFileReference; lastKnownFileType = sourcecode.swift; path = LoadFeedFromRemoteUseCaseTests.swift; sourceTree = "<group>"; };
		AF92CCCA2A1916860077F6A8 /* RemoteFeedLoader.swift */ = {isa = PBXFileReference; lastKnownFileType = sourcecode.swift; path = RemoteFeedLoader.swift; sourceTree = "<group>"; };
		AFDA1CB22A222BD800B6732B /* CacheFeedUseCaseTests.swift */ = {isa = PBXFileReference; lastKnownFileType = sourcecode.swift; path = CacheFeedUseCaseTests.swift; sourceTree = "<group>"; };
		AFED842F2A1FA30700ED458C /* CI.xctestplan */ = {isa = PBXFileReference; lastKnownFileType = text; path = CI.xctestplan; sourceTree = "<group>"; };
		AFEFEC5D2A1F94E600C6EDF0 /* EssentialFeed.xctestplan */ = {isa = PBXFileReference; lastKnownFileType = text; path = EssentialFeed.xctestplan; sourceTree = "<group>"; };
		AFEFEC622A1F984100C6EDF0 /* EssentialFeedAPIEndToEndTests.xctest */ = {isa = PBXFileReference; explicitFileType = wrapper.cfbundle; includeInIndex = 0; path = EssentialFeedAPIEndToEndTests.xctest; sourceTree = BUILT_PRODUCTS_DIR; };
		AFEFEC642A1F984100C6EDF0 /* EssentialFeedAPIEndToEndTests.swift */ = {isa = PBXFileReference; lastKnownFileType = sourcecode.swift; path = EssentialFeedAPIEndToEndTests.swift; sourceTree = "<group>"; };
/* End PBXFileReference section */

/* Begin PBXFrameworksBuildPhase section */
		AF92CCA72A190AC50077F6A8 /* Frameworks */ = {
			isa = PBXFrameworksBuildPhase;
			buildActionMask = 2147483647;
			files = (
			);
			runOnlyForDeploymentPostprocessing = 0;
		};
		AF92CCAF2A190AC60077F6A8 /* Frameworks */ = {
			isa = PBXFrameworksBuildPhase;
			buildActionMask = 2147483647;
			files = (
				AF92CCB32A190AC60077F6A8 /* EssentialFeed.framework in Frameworks */,
			);
			runOnlyForDeploymentPostprocessing = 0;
		};
		AFEFEC5F2A1F984100C6EDF0 /* Frameworks */ = {
			isa = PBXFrameworksBuildPhase;
			buildActionMask = 2147483647;
			files = (
				AFEFEC662A1F984100C6EDF0 /* EssentialFeed.framework in Frameworks */,
			);
			runOnlyForDeploymentPostprocessing = 0;
		};
/* End PBXFrameworksBuildPhase section */

/* Begin PBXGroup section */
		AF159CCC2A1E55D7005654BA /* Helpers */ = {
			isa = PBXGroup;
			children = (
				AF159CCD2A1E55FF005654BA /* XCTestCase+MemoryLeakTracking.swift */,
			);
			path = Helpers;
			sourceTree = "<group>";
		};
		AF59FD372A1BA87700FC1329 /* Feed API */ = {
			isa = PBXGroup;
			children = (
				AF92CCC72A190D7A0077F6A8 /* LoadFeedFromRemoteUseCaseTests.swift */,
				AF793DF42A1CE9BC00314178 /* URLSession_HTTPClientTests.swift */,
			);
			path = "Feed API";
			sourceTree = "<group>";
		};
		AF7A78CC2A239B9000B21851 /* Feed Cache */ = {
			isa = PBXGroup;
			children = (
				AF7A78CD2A239BA400B21851 /* LocalFeedLoader.swift */,
				AF7A78CF2A239C4600B21851 /* FeedStore.swift */,
			);
			name = "Feed Cache";
			sourceTree = "<group>";
		};
		AF92CCA02A190AC50077F6A8 = {
			isa = PBXGroup;
			children = (
				AFEFEC5D2A1F94E600C6EDF0 /* EssentialFeed.xctestplan */,
				AFED842F2A1FA30700ED458C /* CI.xctestplan */,
				AF92CCAC2A190AC50077F6A8 /* EssentialFeed */,
				AF92CCB62A190AC60077F6A8 /* EssentialFeedTests */,
				AFEFEC632A1F984100C6EDF0 /* EssentialFeedAPIEndToEndTests */,
				AF92CCAB2A190AC50077F6A8 /* Products */,
			);
			sourceTree = "<group>";
		};
		AF92CCAB2A190AC50077F6A8 /* Products */ = {
			isa = PBXGroup;
			children = (
				AF92CCAA2A190AC50077F6A8 /* EssentialFeed.framework */,
				AF92CCB22A190AC60077F6A8 /* EssentialFeedTests.xctest */,
				AFEFEC622A1F984100C6EDF0 /* EssentialFeedAPIEndToEndTests.xctest */,
			);
			name = Products;
			sourceTree = "<group>";
		};
		AF92CCAC2A190AC50077F6A8 /* EssentialFeed */ = {
			isa = PBXGroup;
			children = (
				AF92CCAD2A190AC50077F6A8 /* EssentialFeed.h */,
				AF7A78CC2A239B9000B21851 /* Feed Cache */,
				AF92CCC62A190CBC0077F6A8 /* Feed Feature */,
				AF92CCC92A19166C0077F6A8 /* Feed API */,
			);
			path = EssentialFeed;
			sourceTree = "<group>";
		};
		AF92CCB62A190AC60077F6A8 /* EssentialFeedTests */ = {
			isa = PBXGroup;
			children = (
				AF159CCC2A1E55D7005654BA /* Helpers */,
				AF59FD372A1BA87700FC1329 /* Feed API */,
				AFDA1CB12A222BAD00B6732B /* Feed Cache */,
			);
			path = EssentialFeedTests;
			sourceTree = "<group>";
		};
		AF92CCC62A190CBC0077F6A8 /* Feed Feature */ = {
			isa = PBXGroup;
			children = (
				AF92CCC22A190AEF0077F6A8 /* FeedItem.swift */,
				AF92CCC42A190BBC0077F6A8 /* FeedLoader.swift */,
			);
			name = "Feed Feature";
			sourceTree = "<group>";
		};
		AF92CCC92A19166C0077F6A8 /* Feed API */ = {
			isa = PBXGroup;
			children = (
				AF92CCCA2A1916860077F6A8 /* RemoteFeedLoader.swift */,
				AF59FD352A1BA14900FC1329 /* FeedItemsMapper.swift */,
				AF59FD332A1BA10300FC1329 /* HTTPClient.swift */,
				AF7F1BFB2A1E69E700FC4B6E /* URLSessionHTTPClient.swift */,
			);
			name = "Feed API";
			sourceTree = "<group>";
		};
		AFDA1CB12A222BAD00B6732B /* Feed Cache */ = {
			isa = PBXGroup;
			children = (
				AFDA1CB22A222BD800B6732B /* CacheFeedUseCaseTests.swift */,
			);
			path = "Feed Cache";
			sourceTree = "<group>";
		};
		AFEFEC632A1F984100C6EDF0 /* EssentialFeedAPIEndToEndTests */ = {
			isa = PBXGroup;
			children = (
				AFEFEC642A1F984100C6EDF0 /* EssentialFeedAPIEndToEndTests.swift */,
			);
			path = EssentialFeedAPIEndToEndTests;
			sourceTree = "<group>";
		};
/* End PBXGroup section */

/* Begin PBXHeadersBuildPhase section */
		AF92CCA52A190AC50077F6A8 /* Headers */ = {
			isa = PBXHeadersBuildPhase;
			buildActionMask = 2147483647;
			files = (
				AF92CCB92A190AC60077F6A8 /* EssentialFeed.h in Headers */,
			);
			runOnlyForDeploymentPostprocessing = 0;
		};
/* End PBXHeadersBuildPhase section */

/* Begin PBXNativeTarget section */
		AF92CCA92A190AC50077F6A8 /* EssentialFeed */ = {
			isa = PBXNativeTarget;
			buildConfigurationList = AF92CCBC2A190AC60077F6A8 /* Build configuration list for PBXNativeTarget "EssentialFeed" */;
			buildPhases = (
				AF92CCA52A190AC50077F6A8 /* Headers */,
				AF92CCA62A190AC50077F6A8 /* Sources */,
				AF92CCA72A190AC50077F6A8 /* Frameworks */,
				AF92CCA82A190AC50077F6A8 /* Resources */,
			);
			buildRules = (
			);
			dependencies = (
			);
			name = EssentialFeed;
			productName = EssentialFeed;
			productReference = AF92CCAA2A190AC50077F6A8 /* EssentialFeed.framework */;
			productType = "com.apple.product-type.framework";
		};
		AF92CCB12A190AC60077F6A8 /* EssentialFeedTests */ = {
			isa = PBXNativeTarget;
			buildConfigurationList = AF92CCBF2A190AC60077F6A8 /* Build configuration list for PBXNativeTarget "EssentialFeedTests" */;
			buildPhases = (
				AF92CCAE2A190AC60077F6A8 /* Sources */,
				AF92CCAF2A190AC60077F6A8 /* Frameworks */,
				AF92CCB02A190AC60077F6A8 /* Resources */,
			);
			buildRules = (
			);
			dependencies = (
				AF92CCB52A190AC60077F6A8 /* PBXTargetDependency */,
			);
			name = EssentialFeedTests;
			productName = EssentialFeedTests;
			productReference = AF92CCB22A190AC60077F6A8 /* EssentialFeedTests.xctest */;
			productType = "com.apple.product-type.bundle.unit-test";
		};
		AFEFEC612A1F984100C6EDF0 /* EssentialFeedAPIEndToEndTests */ = {
			isa = PBXNativeTarget;
			buildConfigurationList = AFEFEC692A1F984100C6EDF0 /* Build configuration list for PBXNativeTarget "EssentialFeedAPIEndToEndTests" */;
			buildPhases = (
				AFEFEC5E2A1F984100C6EDF0 /* Sources */,
				AFEFEC5F2A1F984100C6EDF0 /* Frameworks */,
				AFEFEC602A1F984100C6EDF0 /* Resources */,
			);
			buildRules = (
			);
			dependencies = (
				AFEFEC682A1F984100C6EDF0 /* PBXTargetDependency */,
			);
			name = EssentialFeedAPIEndToEndTests;
			productName = EssentialFeedAPIEndToEndTests;
			productReference = AFEFEC622A1F984100C6EDF0 /* EssentialFeedAPIEndToEndTests.xctest */;
			productType = "com.apple.product-type.bundle.unit-test";
		};
/* End PBXNativeTarget section */

/* Begin PBXProject section */
		AF92CCA12A190AC50077F6A8 /* Project object */ = {
			isa = PBXProject;
			attributes = {
				BuildIndependentTargetsInParallel = 1;
				LastSwiftUpdateCheck = 1430;
				LastUpgradeCheck = 1430;
				TargetAttributes = {
					AF92CCA92A190AC50077F6A8 = {
						CreatedOnToolsVersion = 14.3;
						LastSwiftMigration = 1430;
					};
					AF92CCB12A190AC60077F6A8 = {
						CreatedOnToolsVersion = 14.3;
					};
					AFEFEC612A1F984100C6EDF0 = {
						CreatedOnToolsVersion = 14.3;
					};
				};
			};
			buildConfigurationList = AF92CCA42A190AC50077F6A8 /* Build configuration list for PBXProject "EssentialFeed" */;
			compatibilityVersion = "Xcode 14.0";
			developmentRegion = en;
			hasScannedForEncodings = 0;
			knownRegions = (
				en,
				Base,
			);
			mainGroup = AF92CCA02A190AC50077F6A8;
			productRefGroup = AF92CCAB2A190AC50077F6A8 /* Products */;
			projectDirPath = "";
			projectRoot = "";
			targets = (
				AF92CCA92A190AC50077F6A8 /* EssentialFeed */,
				AF92CCB12A190AC60077F6A8 /* EssentialFeedTests */,
				AFEFEC612A1F984100C6EDF0 /* EssentialFeedAPIEndToEndTests */,
			);
		};
/* End PBXProject section */

/* Begin PBXResourcesBuildPhase section */
		AF92CCA82A190AC50077F6A8 /* Resources */ = {
			isa = PBXResourcesBuildPhase;
			buildActionMask = 2147483647;
			files = (
			);
			runOnlyForDeploymentPostprocessing = 0;
		};
		AF92CCB02A190AC60077F6A8 /* Resources */ = {
			isa = PBXResourcesBuildPhase;
			buildActionMask = 2147483647;
			files = (
			);
			runOnlyForDeploymentPostprocessing = 0;
		};
		AFEFEC602A1F984100C6EDF0 /* Resources */ = {
			isa = PBXResourcesBuildPhase;
			buildActionMask = 2147483647;
			files = (
			);
			runOnlyForDeploymentPostprocessing = 0;
		};
/* End PBXResourcesBuildPhase section */

/* Begin PBXSourcesBuildPhase section */
		AF92CCA62A190AC50077F6A8 /* Sources */ = {
			isa = PBXSourcesBuildPhase;
			buildActionMask = 2147483647;
			files = (
				AF59FD362A1BA14900FC1329 /* FeedItemsMapper.swift in Sources */,
				AF92CCC52A190BBC0077F6A8 /* FeedLoader.swift in Sources */,
				AF92CCCB2A1916860077F6A8 /* RemoteFeedLoader.swift in Sources */,
				AF7A78D02A239C4600B21851 /* FeedStore.swift in Sources */,
				AF7A78CE2A239BA400B21851 /* LocalFeedLoader.swift in Sources */,
				AF59FD342A1BA10300FC1329 /* HTTPClient.swift in Sources */,
				AF92CCC32A190AEF0077F6A8 /* FeedItem.swift in Sources */,
				AF7F1BFC2A1E69E700FC4B6E /* URLSessionHTTPClient.swift in Sources */,
			);
			runOnlyForDeploymentPostprocessing = 0;
		};
		AF92CCAE2A190AC60077F6A8 /* Sources */ = {
			isa = PBXSourcesBuildPhase;
			buildActionMask = 2147483647;
			files = (
				AF793DF52A1CE9BC00314178 /* URLSession_HTTPClientTests.swift in Sources */,
				AF92CCC82A190D7A0077F6A8 /* LoadFeedFromRemoteUseCaseTests.swift in Sources */,
				AFDA1CB32A222BD800B6732B /* CacheFeedUseCaseTests.swift in Sources */,
				AF159CCE2A1E55FF005654BA /* XCTestCase+MemoryLeakTracking.swift in Sources */,
			);
			runOnlyForDeploymentPostprocessing = 0;
		};
		AFEFEC5E2A1F984100C6EDF0 /* Sources */ = {
			isa = PBXSourcesBuildPhase;
			buildActionMask = 2147483647;
			files = (
				AFEFEC652A1F984100C6EDF0 /* EssentialFeedAPIEndToEndTests.swift in Sources */,
				AFEFEC6C2A1FA1D900C6EDF0 /* XCTestCase+MemoryLeakTracking.swift in Sources */,
			);
			runOnlyForDeploymentPostprocessing = 0;
		};
/* End PBXSourcesBuildPhase section */

/* Begin PBXTargetDependency section */
		AF92CCB52A190AC60077F6A8 /* PBXTargetDependency */ = {
			isa = PBXTargetDependency;
			target = AF92CCA92A190AC50077F6A8 /* EssentialFeed */;
			targetProxy = AF92CCB42A190AC60077F6A8 /* PBXContainerItemProxy */;
		};
		AFEFEC682A1F984100C6EDF0 /* PBXTargetDependency */ = {
			isa = PBXTargetDependency;
			target = AF92CCA92A190AC50077F6A8 /* EssentialFeed */;
			targetProxy = AFEFEC672A1F984100C6EDF0 /* PBXContainerItemProxy */;
		};
/* End PBXTargetDependency section */

/* Begin XCBuildConfiguration section */
		AF92CCBA2A190AC60077F6A8 /* Debug */ = {
			isa = XCBuildConfiguration;
			buildSettings = {
				ALWAYS_SEARCH_USER_PATHS = NO;
				CLANG_ANALYZER_NONNULL = YES;
				CLANG_ANALYZER_NUMBER_OBJECT_CONVERSION = YES_AGGRESSIVE;
				CLANG_CXX_LANGUAGE_STANDARD = "gnu++20";
				CLANG_ENABLE_MODULES = YES;
				CLANG_ENABLE_OBJC_ARC = YES;
				CLANG_ENABLE_OBJC_WEAK = YES;
				CLANG_WARN_BLOCK_CAPTURE_AUTORELEASING = YES;
				CLANG_WARN_BOOL_CONVERSION = YES;
				CLANG_WARN_COMMA = YES;
				CLANG_WARN_CONSTANT_CONVERSION = YES;
				CLANG_WARN_DEPRECATED_OBJC_IMPLEMENTATIONS = YES;
				CLANG_WARN_DIRECT_OBJC_ISA_USAGE = YES_ERROR;
				CLANG_WARN_DOCUMENTATION_COMMENTS = YES;
				CLANG_WARN_EMPTY_BODY = YES;
				CLANG_WARN_ENUM_CONVERSION = YES;
				CLANG_WARN_INFINITE_RECURSION = YES;
				CLANG_WARN_INT_CONVERSION = YES;
				CLANG_WARN_NON_LITERAL_NULL_CONVERSION = YES;
				CLANG_WARN_OBJC_IMPLICIT_RETAIN_SELF = YES;
				CLANG_WARN_OBJC_LITERAL_CONVERSION = YES;
				CLANG_WARN_OBJC_ROOT_CLASS = YES_ERROR;
				CLANG_WARN_QUOTED_INCLUDE_IN_FRAMEWORK_HEADER = YES;
				CLANG_WARN_RANGE_LOOP_ANALYSIS = YES;
				CLANG_WARN_STRICT_PROTOTYPES = YES;
				CLANG_WARN_SUSPICIOUS_MOVE = YES;
				CLANG_WARN_UNGUARDED_AVAILABILITY = YES_AGGRESSIVE;
				CLANG_WARN_UNREACHABLE_CODE = YES;
				CLANG_WARN__DUPLICATE_METHOD_MATCH = YES;
				COPY_PHASE_STRIP = NO;
				CURRENT_PROJECT_VERSION = 1;
				DEBUG_INFORMATION_FORMAT = dwarf;
				ENABLE_STRICT_OBJC_MSGSEND = YES;
				ENABLE_TESTABILITY = YES;
				GCC_C_LANGUAGE_STANDARD = gnu11;
				GCC_DYNAMIC_NO_PIC = NO;
				GCC_NO_COMMON_BLOCKS = YES;
				GCC_OPTIMIZATION_LEVEL = 0;
				GCC_PREPROCESSOR_DEFINITIONS = (
					"DEBUG=1",
					"$(inherited)",
				);
				GCC_WARN_64_TO_32_BIT_CONVERSION = YES;
				GCC_WARN_ABOUT_RETURN_TYPE = YES_ERROR;
				GCC_WARN_UNDECLARED_SELECTOR = YES;
				GCC_WARN_UNINITIALIZED_AUTOS = YES_AGGRESSIVE;
				GCC_WARN_UNUSED_FUNCTION = YES;
				GCC_WARN_UNUSED_VARIABLE = YES;
				MACOSX_DEPLOYMENT_TARGET = 12.0;
				MTL_ENABLE_DEBUG_INFO = INCLUDE_SOURCE;
				MTL_FAST_MATH = YES;
				ONLY_ACTIVE_ARCH = YES;
				SDKROOT = macosx;
				SWIFT_ACTIVE_COMPILATION_CONDITIONS = DEBUG;
				SWIFT_OPTIMIZATION_LEVEL = "-Onone";
				VERSIONING_SYSTEM = "apple-generic";
				VERSION_INFO_PREFIX = "";
			};
			name = Debug;
		};
		AF92CCBB2A190AC60077F6A8 /* Release */ = {
			isa = XCBuildConfiguration;
			buildSettings = {
				ALWAYS_SEARCH_USER_PATHS = NO;
				CLANG_ANALYZER_NONNULL = YES;
				CLANG_ANALYZER_NUMBER_OBJECT_CONVERSION = YES_AGGRESSIVE;
				CLANG_CXX_LANGUAGE_STANDARD = "gnu++20";
				CLANG_ENABLE_MODULES = YES;
				CLANG_ENABLE_OBJC_ARC = YES;
				CLANG_ENABLE_OBJC_WEAK = YES;
				CLANG_WARN_BLOCK_CAPTURE_AUTORELEASING = YES;
				CLANG_WARN_BOOL_CONVERSION = YES;
				CLANG_WARN_COMMA = YES;
				CLANG_WARN_CONSTANT_CONVERSION = YES;
				CLANG_WARN_DEPRECATED_OBJC_IMPLEMENTATIONS = YES;
				CLANG_WARN_DIRECT_OBJC_ISA_USAGE = YES_ERROR;
				CLANG_WARN_DOCUMENTATION_COMMENTS = YES;
				CLANG_WARN_EMPTY_BODY = YES;
				CLANG_WARN_ENUM_CONVERSION = YES;
				CLANG_WARN_INFINITE_RECURSION = YES;
				CLANG_WARN_INT_CONVERSION = YES;
				CLANG_WARN_NON_LITERAL_NULL_CONVERSION = YES;
				CLANG_WARN_OBJC_IMPLICIT_RETAIN_SELF = YES;
				CLANG_WARN_OBJC_LITERAL_CONVERSION = YES;
				CLANG_WARN_OBJC_ROOT_CLASS = YES_ERROR;
				CLANG_WARN_QUOTED_INCLUDE_IN_FRAMEWORK_HEADER = YES;
				CLANG_WARN_RANGE_LOOP_ANALYSIS = YES;
				CLANG_WARN_STRICT_PROTOTYPES = YES;
				CLANG_WARN_SUSPICIOUS_MOVE = YES;
				CLANG_WARN_UNGUARDED_AVAILABILITY = YES_AGGRESSIVE;
				CLANG_WARN_UNREACHABLE_CODE = YES;
				CLANG_WARN__DUPLICATE_METHOD_MATCH = YES;
				COPY_PHASE_STRIP = NO;
				CURRENT_PROJECT_VERSION = 1;
				DEBUG_INFORMATION_FORMAT = "dwarf-with-dsym";
				ENABLE_NS_ASSERTIONS = NO;
				ENABLE_STRICT_OBJC_MSGSEND = YES;
				GCC_C_LANGUAGE_STANDARD = gnu11;
				GCC_NO_COMMON_BLOCKS = YES;
				GCC_WARN_64_TO_32_BIT_CONVERSION = YES;
				GCC_WARN_ABOUT_RETURN_TYPE = YES_ERROR;
				GCC_WARN_UNDECLARED_SELECTOR = YES;
				GCC_WARN_UNINITIALIZED_AUTOS = YES_AGGRESSIVE;
				GCC_WARN_UNUSED_FUNCTION = YES;
				GCC_WARN_UNUSED_VARIABLE = YES;
				MACOSX_DEPLOYMENT_TARGET = 12.0;
				MTL_ENABLE_DEBUG_INFO = NO;
				MTL_FAST_MATH = YES;
				SDKROOT = macosx;
				SWIFT_COMPILATION_MODE = wholemodule;
				SWIFT_OPTIMIZATION_LEVEL = "-O";
				VERSIONING_SYSTEM = "apple-generic";
				VERSION_INFO_PREFIX = "";
			};
			name = Release;
		};
		AF92CCBD2A190AC60077F6A8 /* Debug */ = {
			isa = XCBuildConfiguration;
			buildSettings = {
				CLANG_ENABLE_MODULES = YES;
				CODE_SIGN_STYLE = Automatic;
				COMBINE_HIDPI_IMAGES = YES;
				CURRENT_PROJECT_VERSION = 1;
				DEFINES_MODULE = YES;
				DEVELOPMENT_TEAM = 7B475922E3;
				DYLIB_COMPATIBILITY_VERSION = 1;
				DYLIB_CURRENT_VERSION = 1;
				DYLIB_INSTALL_NAME_BASE = "@rpath";
				ENABLE_MODULE_VERIFIER = YES;
				GENERATE_INFOPLIST_FILE = YES;
				INFOPLIST_KEY_NSHumanReadableCopyright = "";
				INSTALL_PATH = "$(LOCAL_LIBRARY_DIR)/Frameworks";
				LD_RUNPATH_SEARCH_PATHS = (
					"$(inherited)",
					"@executable_path/../Frameworks",
					"@loader_path/Frameworks",
				);
				MACOSX_DEPLOYMENT_TARGET = 12.0;
				MARKETING_VERSION = 1.0;
				MODULE_VERIFIER_SUPPORTED_LANGUAGES = "objective-c objective-c++";
				MODULE_VERIFIER_SUPPORTED_LANGUAGE_STANDARDS = "gnu11 gnu++20";
				PRODUCT_BUNDLE_IDENTIFIER = com.arturremizov.EssentialFeed;
				PRODUCT_NAME = "$(TARGET_NAME:c99extidentifier)";
				SKIP_INSTALL = YES;
				SWIFT_EMIT_LOC_STRINGS = YES;
				SWIFT_OPTIMIZATION_LEVEL = "-Onone";
				SWIFT_VERSION = 5.0;
			};
			name = Debug;
		};
		AF92CCBE2A190AC60077F6A8 /* Release */ = {
			isa = XCBuildConfiguration;
			buildSettings = {
				CLANG_ENABLE_MODULES = YES;
				CODE_SIGN_STYLE = Automatic;
				COMBINE_HIDPI_IMAGES = YES;
				CURRENT_PROJECT_VERSION = 1;
				DEFINES_MODULE = YES;
				DEVELOPMENT_TEAM = 7B475922E3;
				DYLIB_COMPATIBILITY_VERSION = 1;
				DYLIB_CURRENT_VERSION = 1;
				DYLIB_INSTALL_NAME_BASE = "@rpath";
				ENABLE_MODULE_VERIFIER = YES;
				GENERATE_INFOPLIST_FILE = YES;
				INFOPLIST_KEY_NSHumanReadableCopyright = "";
				INSTALL_PATH = "$(LOCAL_LIBRARY_DIR)/Frameworks";
				LD_RUNPATH_SEARCH_PATHS = (
					"$(inherited)",
					"@executable_path/../Frameworks",
					"@loader_path/Frameworks",
				);
				MACOSX_DEPLOYMENT_TARGET = 12.0;
				MARKETING_VERSION = 1.0;
				MODULE_VERIFIER_SUPPORTED_LANGUAGES = "objective-c objective-c++";
				MODULE_VERIFIER_SUPPORTED_LANGUAGE_STANDARDS = "gnu11 gnu++20";
				PRODUCT_BUNDLE_IDENTIFIER = com.arturremizov.EssentialFeed;
				PRODUCT_NAME = "$(TARGET_NAME:c99extidentifier)";
				SKIP_INSTALL = YES;
				SWIFT_EMIT_LOC_STRINGS = YES;
				SWIFT_VERSION = 5.0;
			};
			name = Release;
		};
		AF92CCC02A190AC60077F6A8 /* Debug */ = {
			isa = XCBuildConfiguration;
			buildSettings = {
				ALWAYS_EMBED_SWIFT_STANDARD_LIBRARIES = YES;
				CODE_SIGN_STYLE = Automatic;
				CURRENT_PROJECT_VERSION = 1;
				DEVELOPMENT_TEAM = 7B475922E3;
				GENERATE_INFOPLIST_FILE = YES;
				MACOSX_DEPLOYMENT_TARGET = 12.0;
				MARKETING_VERSION = 1.0;
				PRODUCT_BUNDLE_IDENTIFIER = com.arturremizov.EssentialFeedTests;
				PRODUCT_NAME = "$(TARGET_NAME)";
				SWIFT_EMIT_LOC_STRINGS = NO;
				SWIFT_VERSION = 5.0;
			};
			name = Debug;
		};
		AF92CCC12A190AC60077F6A8 /* Release */ = {
			isa = XCBuildConfiguration;
			buildSettings = {
				ALWAYS_EMBED_SWIFT_STANDARD_LIBRARIES = YES;
				CODE_SIGN_STYLE = Automatic;
				CURRENT_PROJECT_VERSION = 1;
				DEVELOPMENT_TEAM = 7B475922E3;
				GENERATE_INFOPLIST_FILE = YES;
				MACOSX_DEPLOYMENT_TARGET = 12.0;
				MARKETING_VERSION = 1.0;
				PRODUCT_BUNDLE_IDENTIFIER = com.arturremizov.EssentialFeedTests;
				PRODUCT_NAME = "$(TARGET_NAME)";
				SWIFT_EMIT_LOC_STRINGS = NO;
				SWIFT_VERSION = 5.0;
			};
			name = Release;
		};
		AFEFEC6A2A1F984100C6EDF0 /* Debug */ = {
			isa = XCBuildConfiguration;
			buildSettings = {
				CODE_SIGN_STYLE = Automatic;
				CURRENT_PROJECT_VERSION = 1;
				DEVELOPMENT_TEAM = 7B475922E3;
				GENERATE_INFOPLIST_FILE = YES;
				MACOSX_DEPLOYMENT_TARGET = 12.0;
				MARKETING_VERSION = 1.0;
				PRODUCT_BUNDLE_IDENTIFIER = com.arturremizov.EssentialFeedAPIEndToEndTests;
				PRODUCT_NAME = "$(TARGET_NAME)";
				SWIFT_EMIT_LOC_STRINGS = NO;
				SWIFT_VERSION = 5.0;
			};
			name = Debug;
		};
		AFEFEC6B2A1F984100C6EDF0 /* Release */ = {
			isa = XCBuildConfiguration;
			buildSettings = {
				CODE_SIGN_STYLE = Automatic;
				CURRENT_PROJECT_VERSION = 1;
				DEVELOPMENT_TEAM = 7B475922E3;
				GENERATE_INFOPLIST_FILE = YES;
				MACOSX_DEPLOYMENT_TARGET = 12.0;
				MARKETING_VERSION = 1.0;
				PRODUCT_BUNDLE_IDENTIFIER = com.arturremizov.EssentialFeedAPIEndToEndTests;
				PRODUCT_NAME = "$(TARGET_NAME)";
				SWIFT_EMIT_LOC_STRINGS = NO;
				SWIFT_VERSION = 5.0;
			};
			name = Release;
		};
/* End XCBuildConfiguration section */

/* Begin XCConfigurationList section */
		AF92CCA42A190AC50077F6A8 /* Build configuration list for PBXProject "EssentialFeed" */ = {
			isa = XCConfigurationList;
			buildConfigurations = (
				AF92CCBA2A190AC60077F6A8 /* Debug */,
				AF92CCBB2A190AC60077F6A8 /* Release */,
			);
			defaultConfigurationIsVisible = 0;
			defaultConfigurationName = Release;
		};
		AF92CCBC2A190AC60077F6A8 /* Build configuration list for PBXNativeTarget "EssentialFeed" */ = {
			isa = XCConfigurationList;
			buildConfigurations = (
				AF92CCBD2A190AC60077F6A8 /* Debug */,
				AF92CCBE2A190AC60077F6A8 /* Release */,
			);
			defaultConfigurationIsVisible = 0;
			defaultConfigurationName = Release;
		};
		AF92CCBF2A190AC60077F6A8 /* Build configuration list for PBXNativeTarget "EssentialFeedTests" */ = {
			isa = XCConfigurationList;
			buildConfigurations = (
				AF92CCC02A190AC60077F6A8 /* Debug */,
				AF92CCC12A190AC60077F6A8 /* Release */,
			);
			defaultConfigurationIsVisible = 0;
			defaultConfigurationName = Release;
		};
		AFEFEC692A1F984100C6EDF0 /* Build configuration list for PBXNativeTarget "EssentialFeedAPIEndToEndTests" */ = {
			isa = XCConfigurationList;
			buildConfigurations = (
				AFEFEC6A2A1F984100C6EDF0 /* Debug */,
				AFEFEC6B2A1F984100C6EDF0 /* Release */,
			);
			defaultConfigurationIsVisible = 0;
			defaultConfigurationName = Release;
		};
/* End XCConfigurationList section */
	};
	rootObject = AF92CCA12A190AC50077F6A8 /* Project object */;
}
